
Microsoft Visual Studio Solution File, Format Version 12.00
# Visual Studio Version 17
VisualStudioVersion = 17.9.34723.18
MinimumVisualStudioVersion = 10.0.40219.1
Project("{FAE04EC0-301F-11D3-BF4B-00C04F79EFBC}") = "Elasticsearch.API", "Elasticsearch.API\Elasticsearch.API.csproj", "{4C8295C2-27D3-4797-BF57-7E5CE84E815C}"
EndProject
Global
	GlobalSection(SolutionConfigurationPlatforms) = preSolution
		Debug|Any CPU = Debug|Any CPU
		Release|Any CPU = Release|Any CPU
	EndGlobalSection
	GlobalSection(ProjectConfigurationPlatforms) = postSolution
		{4C8295C2-27D3-4797-BF57-7E5CE84E815C}.Debug|Any CPU.ActiveCfg = Debug|Any CPU
		{4C8295C2-27D3-4797-BF57-7E5CE84E815C}.Debug|Any CPU.Build.0 = Debug|Any CPU
		{4C8295C2-27D3-4797-BF57-7E5CE84E815C}.Release|Any CPU.ActiveCfg = Release|Any CPU
		{4C8295C2-27D3-4797-BF57-7E5CE84E815C}.Release|Any CPU.Build.0 = Release|Any CPU
	EndGlobalSection
	GlobalSection(SolutionProperties) = preSolution
		HideSolutionNode = FALSE
	EndGlobalSection
	GlobalSection(ExtensibilityGlobals) = postSolution
		SolutionGuid = {D020C1B7-178E-43D9-91A3-FAA723E4328F}
	EndGlobalSection
EndGlobal
